// !$*UTF8*$!
{
	archiveVersion = 1;
	classes = {
	};
	objectVersion = 46;
	objects = {

/* Begin PBXBuildFile section */
		4973F387B7B7414BA4483611 /* libPods.a in Frameworks */ = {isa = PBXBuildFile; fileRef = 73547D91B207469DA884AAC7 /* libPods.a */; };
		F55CEB9B1855E402000DE979 /* Foundation.framework in Frameworks */ = {isa = PBXBuildFile; fileRef = F55CEB9A1855E402000DE979 /* Foundation.framework */; };
		F55CEB9D1855E402000DE979 /* CoreGraphics.framework in Frameworks */ = {isa = PBXBuildFile; fileRef = F55CEB9C1855E402000DE979 /* CoreGraphics.framework */; };
		F55CEB9F1855E402000DE979 /* UIKit.framework in Frameworks */ = {isa = PBXBuildFile; fileRef = F55CEB9E1855E402000DE979 /* UIKit.framework */; };
		F55CEBA51855E402000DE979 /* InfoPlist.strings in Resources */ = {isa = PBXBuildFile; fileRef = F55CEBA31855E402000DE979 /* InfoPlist.strings */; };
		F55CEBA71855E402000DE979 /* main.m in Sources */ = {isa = PBXBuildFile; fileRef = F55CEBA61855E402000DE979 /* main.m */; };
		F55CEBAB1855E402000DE979 /* AppDelegate.m in Sources */ = {isa = PBXBuildFile; fileRef = F55CEBAA1855E402000DE979 /* AppDelegate.m */; };
		F55CEBAE1855E402000DE979 /* Main.storyboard in Resources */ = {isa = PBXBuildFile; fileRef = F55CEBAC1855E402000DE979 /* Main.storyboard */; };
		F55CEBB11855E402000DE979 /* ViewController.m in Sources */ = {isa = PBXBuildFile; fileRef = F55CEBB01855E402000DE979 /* ViewController.m */; };
		F55CEBB31855E402000DE979 /* Images.xcassets in Resources */ = {isa = PBXBuildFile; fileRef = F55CEBB21855E402000DE979 /* Images.xcassets */; };
		F55CEBD01855E426000DE979 /* CoreBluetooth.framework in Frameworks */ = {isa = PBXBuildFile; fileRef = F55CEBCF1855E426000DE979 /* CoreBluetooth.framework */; };
		F55CEBD61855EEB8000DE979 /* thermometer.png in Resources */ = {isa = PBXBuildFile; fileRef = F55CEBD51855EEB8000DE979 /* thermometer.png */; };
		F55D3A161856242D0082E85E /* BLE.m in Sources */ = {isa = PBXBuildFile; fileRef = F55D3A141856242D0082E85E /* BLE.m */; };
/* End PBXBuildFile section */

/* Begin PBXFileReference section */
		2E90FDA457784D2C885E3C2B /* Pods.xcconfig */ = {isa = PBXFileReference; includeInIndex = 1; lastKnownFileType = text.xcconfig; name = Pods.xcconfig; path = Pods/Pods.xcconfig; sourceTree = "<group>"; };
		73547D91B207469DA884AAC7 /* libPods.a */ = {isa = PBXFileReference; explicitFileType = archive.ar; includeInIndex = 0; path = libPods.a; sourceTree = BUILT_PRODUCTS_DIR; };
		F55CEB971855E402000DE979 /* Garage Control.app */ = {isa = PBXFileReference; explicitFileType = wrapper.application; includeInIndex = 0; path = "Garage Control.app"; sourceTree = BUILT_PRODUCTS_DIR; };
		F55CEB9A1855E402000DE979 /* Foundation.framework */ = {isa = PBXFileReference; lastKnownFileType = wrapper.framework; name = Foundation.framework; path = System/Library/Frameworks/Foundation.framework; sourceTree = SDKROOT; };
		F55CEB9C1855E402000DE979 /* CoreGraphics.framework */ = {isa = PBXFileReference; lastKnownFileType = wrapper.framework; name = CoreGraphics.framework; path = System/Library/Frameworks/CoreGraphics.framework; sourceTree = SDKROOT; };
		F55CEB9E1855E402000DE979 /* UIKit.framework */ = {isa = PBXFileReference; lastKnownFileType = wrapper.framework; name = UIKit.framework; path = System/Library/Frameworks/UIKit.framework; sourceTree = SDKROOT; };
		F55CEBA21855E402000DE979 /* Garage Control-Info.plist */ = {isa = PBXFileReference; lastKnownFileType = text.plist.xml; path = "Garage Control-Info.plist"; sourceTree = "<group>"; };
		F55CEBA41855E402000DE979 /* en */ = {isa = PBXFileReference; lastKnownFileType = text.plist.strings; name = en; path = en.lproj/InfoPlist.strings; sourceTree = "<group>"; };
		F55CEBA61855E402000DE979 /* main.m */ = {isa = PBXFileReference; lastKnownFileType = sourcecode.c.objc; path = main.m; sourceTree = "<group>"; };
		F55CEBA81855E402000DE979 /* Garage Control-Prefix.pch */ = {isa = PBXFileReference; lastKnownFileType = sourcecode.c.h; path = "Garage Control-Prefix.pch"; sourceTree = "<group>"; };
		F55CEBA91855E402000DE979 /* AppDelegate.h */ = {isa = PBXFileReference; lastKnownFileType = sourcecode.c.h; path = AppDelegate.h; sourceTree = "<group>"; };
		F55CEBAA1855E402000DE979 /* AppDelegate.m */ = {isa = PBXFileReference; lastKnownFileType = sourcecode.c.objc; path = AppDelegate.m; sourceTree = "<group>"; };
		F55CEBAD1855E402000DE979 /* Base */ = {isa = PBXFileReference; lastKnownFileType = file.storyboard; name = Base; path = Base.lproj/Main.storyboard; sourceTree = "<group>"; };
		F55CEBAF1855E402000DE979 /* ViewController.h */ = {isa = PBXFileReference; lastKnownFileType = sourcecode.c.h; path = ViewController.h; sourceTree = "<group>"; };
		F55CEBB01855E402000DE979 /* ViewController.m */ = {isa = PBXFileReference; lastKnownFileType = sourcecode.c.objc; path = ViewController.m; sourceTree = "<group>"; };
		F55CEBB21855E402000DE979 /* Images.xcassets */ = {isa = PBXFileReference; lastKnownFileType = folder.assetcatalog; path = Images.xcassets; sourceTree = "<group>"; };
		F55CEBB91855E402000DE979 /* XCTest.framework */ = {isa = PBXFileReference; lastKnownFileType = wrapper.framework; name = XCTest.framework; path = Library/Frameworks/XCTest.framework; sourceTree = DEVELOPER_DIR; };
		F55CEBCF1855E426000DE979 /* CoreBluetooth.framework */ = {isa = PBXFileReference; lastKnownFileType = wrapper.framework; name = CoreBluetooth.framework; path = System/Library/Frameworks/CoreBluetooth.framework; sourceTree = SDKROOT; };
		F55CEBD51855EEB8000DE979 /* thermometer.png */ = {isa = PBXFileReference; lastKnownFileType = image.png; path = thermometer.png; sourceTree = "<group>"; };
		F55D3A131856242D0082E85E /* BLE.h */ = {isa = PBXFileReference; fileEncoding = 4; lastKnownFileType = sourcecode.c.h; path = BLE.h; sourceTree = "<group>"; };
		F55D3A141856242D0082E85E /* BLE.m */ = {isa = PBXFileReference; fileEncoding = 4; lastKnownFileType = sourcecode.c.objc; path = BLE.m; sourceTree = "<group>"; };
		F55D3A151856242D0082E85E /* BLEDefines.h */ = {isa = PBXFileReference; fileEncoding = 4; lastKnownFileType = sourcecode.c.h; path = BLEDefines.h; sourceTree = "<group>"; };
/* End PBXFileReference section */

/* Begin PBXFrameworksBuildPhase section */
		F55CEB941855E402000DE979 /* Frameworks */ = {
			isa = PBXFrameworksBuildPhase;
			buildActionMask = 2147483647;
			files = (
				F55CEBD01855E426000DE979 /* CoreBluetooth.framework in Frameworks */,
				F55CEB9D1855E402000DE979 /* CoreGraphics.framework in Frameworks */,
				F55CEB9F1855E402000DE979 /* UIKit.framework in Frameworks */,
				F55CEB9B1855E402000DE979 /* Foundation.framework in Frameworks */,
				4973F387B7B7414BA4483611 /* libPods.a in Frameworks */,
			);
			runOnlyForDeploymentPostprocessing = 0;
		};
/* End PBXFrameworksBuildPhase section */

/* Begin PBXGroup section */
		F55CEB8E1855E402000DE979 = {
			isa = PBXGroup;
			children = (
				F55CEBA01855E402000DE979 /* Garage Control */,
				F55CEB991855E402000DE979 /* Frameworks */,
				F55CEB981855E402000DE979 /* Products */,
				2E90FDA457784D2C885E3C2B /* Pods.xcconfig */,
			);
			sourceTree = "<group>";
		};
		F55CEB981855E402000DE979 /* Products */ = {
			isa = PBXGroup;
			children = (
				F55CEB971855E402000DE979 /* Garage Control.app */,
			);
			name = Products;
			sourceTree = "<group>";
		};
		F55CEB991855E402000DE979 /* Frameworks */ = {
			isa = PBXGroup;
			children = (
				F55CEBCF1855E426000DE979 /* CoreBluetooth.framework */,
				F55CEB9A1855E402000DE979 /* Foundation.framework */,
				F55CEB9C1855E402000DE979 /* CoreGraphics.framework */,
				F55CEB9E1855E402000DE979 /* UIKit.framework */,
				F55CEBB91855E402000DE979 /* XCTest.framework */,
				73547D91B207469DA884AAC7 /* libPods.a */,
			);
			name = Frameworks;
			sourceTree = "<group>";
		};
		F55CEBA01855E402000DE979 /* Garage Control */ = {
			isa = PBXGroup;
			children = (
				F55D3A121856242D0082E85E /* BLE */,
				F55CEBD51855EEB8000DE979 /* thermometer.png */,
				F55CEBA91855E402000DE979 /* AppDelegate.h */,
				F55CEBAA1855E402000DE979 /* AppDelegate.m */,
				F55CEBAC1855E402000DE979 /* Main.storyboard */,
				F55CEBAF1855E402000DE979 /* ViewController.h */,
				F55CEBB01855E402000DE979 /* ViewController.m */,
				F55CEBB21855E402000DE979 /* Images.xcassets */,
				F55CEBA11855E402000DE979 /* Supporting Files */,
			);
			path = "Garage Control";
			sourceTree = "<group>";
		};
		F55CEBA11855E402000DE979 /* Supporting Files */ = {
			isa = PBXGroup;
			children = (
				F55CEBA21855E402000DE979 /* Garage Control-Info.plist */,
				F55CEBA31855E402000DE979 /* InfoPlist.strings */,
				F55CEBA61855E402000DE979 /* main.m */,
				F55CEBA81855E402000DE979 /* Garage Control-Prefix.pch */,
			);
			name = "Supporting Files";
			sourceTree = "<group>";
		};
		F55D3A121856242D0082E85E /* BLE */ = {
			isa = PBXGroup;
			children = (
				F55D3A131856242D0082E85E /* BLE.h */,
				F55D3A141856242D0082E85E /* BLE.m */,
				F55D3A151856242D0082E85E /* BLEDefines.h */,
			);
			path = BLE;
			sourceTree = "<group>";
		};
/* End PBXGroup section */

/* Begin PBXNativeTarget section */
		F55CEB961855E402000DE979 /* Garage Control */ = {
			isa = PBXNativeTarget;
			buildConfigurationList = F55CEBC91855E402000DE979 /* Build configuration list for PBXNativeTarget "Garage Control" */;
			buildPhases = (
				6B88636BF93044D4AE033A24 /* Check Pods Manifest.lock */,
				F55CEB931855E402000DE979 /* Sources */,
				F55CEB941855E402000DE979 /* Frameworks */,
				F55CEB951855E402000DE979 /* Resources */,
				195724690C3C423B903E14CD /* Copy Pods Resources */,
			);
			buildRules = (
			);
			dependencies = (
			);
			name = "Garage Control";
			productName = "Garage Control";
			productReference = F55CEB971855E402000DE979 /* Garage Control.app */;
			productType = "com.apple.product-type.application";
		};
/* End PBXNativeTarget section */

/* Begin PBXProject section */
		F55CEB8F1855E402000DE979 /* Project object */ = {
			isa = PBXProject;
			attributes = {
				LastUpgradeCheck = 0500;
				ORGANIZATIONNAME = "Pieter Janssens";
			};
			buildConfigurationList = F55CEB921855E402000DE979 /* Build configuration list for PBXProject "Garage Control" */;
			compatibilityVersion = "Xcode 3.2";
			developmentRegion = English;
			hasScannedForEncodings = 0;
			knownRegions = (
				en,
				Base,
			);
			mainGroup = F55CEB8E1855E402000DE979;
			productRefGroup = F55CEB981855E402000DE979 /* Products */;
			projectDirPath = "";
			projectRoot = "";
			targets = (
				F55CEB961855E402000DE979 /* Garage Control */,
			);
		};
/* End PBXProject section */

/* Begin PBXResourcesBuildPhase section */
		F55CEB951855E402000DE979 /* Resources */ = {
			isa = PBXResourcesBuildPhase;
			buildActionMask = 2147483647;
			files = (
				F55CEBB31855E402000DE979 /* Images.xcassets in Resources */,
				F55CEBA51855E402000DE979 /* InfoPlist.strings in Resources */,
				F55CEBD61855EEB8000DE979 /* thermometer.png in Resources */,
				F55CEBAE1855E402000DE979 /* Main.storyboard in Resources */,
			);
			runOnlyForDeploymentPostprocessing = 0;
		};
/* End PBXResourcesBuildPhase section */

/* Begin PBXShellScriptBuildPhase section */
		195724690C3C423B903E14CD /* Copy Pods Resources */ = {
			isa = PBXShellScriptBuildPhase;
			buildActionMask = 2147483647;
			files = (
			);
			inputPaths = (
			);
			name = "Copy Pods Resources";
			outputPaths = (
			);
			runOnlyForDeploymentPostprocessing = 0;
			shellPath = /bin/sh;
			shellScript = "\"${SRCROOT}/Pods/Pods-resources.sh\"\n";
			showEnvVarsInLog = 0;
		};
		6B88636BF93044D4AE033A24 /* Check Pods Manifest.lock */ = {
			isa = PBXShellScriptBuildPhase;
			buildActionMask = 2147483647;
			files = (
			);
			inputPaths = (
			);
			name = "Check Pods Manifest.lock";
			outputPaths = (
			);
			runOnlyForDeploymentPostprocessing = 0;
			shellPath = /bin/sh;
			shellScript = "diff \"${PODS_ROOT}/../Podfile.lock\" \"${PODS_ROOT}/Manifest.lock\" > /dev/null\nif [[ $? != 0 ]] ; then\n    cat << EOM\nerror: The sandbox is not in sync with the Podfile.lock. Run 'pod install' or update your CocoaPods installation.\nEOM\n    exit 1\nfi\n";
			showEnvVarsInLog = 0;
		};
/* End PBXShellScriptBuildPhase section */

/* Begin PBXSourcesBuildPhase section */
		F55CEB931855E402000DE979 /* Sources */ = {
			isa = PBXSourcesBuildPhase;
			buildActionMask = 2147483647;
			files = (
				F55CEBB11855E402000DE979 /* ViewController.m in Sources */,
				F55CEBAB1855E402000DE979 /* AppDelegate.m in Sources */,
				F55CEBA71855E402000DE979 /* main.m in Sources */,
				F55D3A161856242D0082E85E /* BLE.m in Sources */,
			);
			runOnlyForDeploymentPostprocessing = 0;
		};
/* End PBXSourcesBuildPhase section */

/* Begin PBXVariantGroup section */
		F55CEBA31855E402000DE979 /* InfoPlist.strings */ = {
			isa = PBXVariantGroup;
			children = (
				F55CEBA41855E402000DE979 /* en */,
			);
			name = InfoPlist.strings;
			sourceTree = "<group>";
		};
		F55CEBAC1855E402000DE979 /* Main.storyboard */ = {
			isa = PBXVariantGroup;
			children = (
				F55CEBAD1855E402000DE979 /* Base */,
			);
			name = Main.storyboard;
			sourceTree = "<group>";
		};
/* End PBXVariantGroup section */

/* Begin XCBuildConfiguration section */
		F55CEBC71855E402000DE979 /* Debug */ = {
			isa = XCBuildConfiguration;
			buildSettings = {
				ALWAYS_SEARCH_USER_PATHS = NO;
				ARCHS = "$(ARCHS_STANDARD_INCLUDING_64_BIT)";
				CLANG_CXX_LANGUAGE_STANDARD = "gnu++0x";
				CLANG_CXX_LIBRARY = "libc++";
				CLANG_ENABLE_MODULES = YES;
				CLANG_ENABLE_OBJC_ARC = YES;
				CLANG_WARN_BOOL_CONVERSION = YES;
				CLANG_WARN_CONSTANT_CONVERSION = YES;
				CLANG_WARN_DIRECT_OBJC_ISA_USAGE = YES_ERROR;
				CLANG_WARN_EMPTY_BODY = YES;
				CLANG_WARN_ENUM_CONVERSION = YES;
				CLANG_WARN_INT_CONVERSION = YES;
				CLANG_WARN_OBJC_ROOT_CLASS = YES_ERROR;
				CLANG_WARN__DUPLICATE_METHOD_MATCH = YES;
				"CODE_SIGN_IDENTITY[sdk=iphoneos*]" = "iPhone Developer";
				COPY_PHASE_STRIP = NO;
				GCC_C_LANGUAGE_STANDARD = gnu99;
				GCC_DYNAMIC_NO_PIC = NO;
				GCC_OPTIMIZATION_LEVEL = 0;
				GCC_PREPROCESSOR_DEFINITIONS = (
					"DEBUG=1",
					"$(inherited)",
				);
				GCC_SYMBOLS_PRIVATE_EXTERN = NO;
				GCC_WARN_64_TO_32_BIT_CONVERSION = YES;
				GCC_WARN_ABOUT_RETURN_TYPE = YES_ERROR;
				GCC_WARN_UNDECLARED_SELECTOR = YES;
				GCC_WARN_UNINITIALIZED_AUTOS = YES;
				GCC_WARN_UNUSED_FUNCTION = YES;
				GCC_WARN_UNUSED_VARIABLE = YES;
				IPHONEOS_DEPLOYMENT_TARGET = 7.0;
				ONLY_ACTIVE_ARCH = YES;
				SDKROOT = iphoneos;
			};
			name = Debug;
		};
		F55CEBC81855E402000DE979 /* Release */ = {
			isa = XCBuildConfiguration;
			buildSettings = {
				ALWAYS_SEARCH_USER_PATHS = NO;
				ARCHS = "$(ARCHS_STANDARD_INCLUDING_64_BIT)";
				CLANG_CXX_LANGUAGE_STANDARD = "gnu++0x";
				CLANG_CXX_LIBRARY = "libc++";
				CLANG_ENABLE_MODULES = YES;
				CLANG_ENABLE_OBJC_ARC = YES;
				CLANG_WARN_BOOL_CONVERSION = YES;
				CLANG_WARN_CONSTANT_CONVERSION = YES;
				CLANG_WARN_DIRECT_OBJC_ISA_USAGE = YES_ERROR;
				CLANG_WARN_EMPTY_BODY = YES;
				CLANG_WARN_ENUM_CONVERSION = YES;
				CLANG_WARN_INT_CONVERSION = YES;
				CLANG_WARN_OBJC_ROOT_CLASS = YES_ERROR;
				CLANG_WARN__DUPLICATE_METHOD_MATCH = YES;
				"CODE_SIGN_IDENTITY[sdk=iphoneos*]" = "iPhone Developer";
				COPY_PHASE_STRIP = YES;
				ENABLE_NS_ASSERTIONS = NO;
				GCC_C_LANGUAGE_STANDARD = gnu99;
				GCC_WARN_64_TO_32_BIT_CONVERSION = YES;
				GCC_WARN_ABOUT_RETURN_TYPE = YES_ERROR;
				GCC_WARN_UNDECLARED_SELECTOR = YES;
				GCC_WARN_UNINITIALIZED_AUTOS = YES;
				GCC_WARN_UNUSED_FUNCTION = YES;
				GCC_WARN_UNUSED_VARIABLE = YES;
				IPHONEOS_DEPLOYMENT_TARGET = 7.0;
				SDKROOT = iphoneos;
				VALIDATE_PRODUCT = YES;
			};
			name = Release;
		};
		F55CEBCA1855E402000DE979 /* Debug */ = {
			isa = XCBuildConfiguration;
			baseConfigurationReference = 2E90FDA457784D2C885E3C2B /* Pods.xcconfig */;
			buildSettings = {
				ASSETCATALOG_COMPILER_APPICON_NAME = AppIcon;
				ASSETCATALOG_COMPILER_LAUNCHIMAGE_NAME = LaunchImage;
				GCC_PRECOMPILE_PREFIX_HEADER = YES;
				GCC_PREFIX_HEADER = "Garage Control/Garage Control-Prefix.pch";
				INFOPLIST_FILE = "Garage Control/Garage Control-Info.plist";
				PRODUCT_NAME = "$(TARGET_NAME)";
				WRAPPER_EXTENSION = app;
			};
			name = Debug;
		};
		F55CEBCB1855E402000DE979 /* Release */ = {
			isa = XCBuildConfiguration;
			baseConfigurationReference = 2E90FDA457784D2C885E3C2B /* Pods.xcconfig */;
			buildSettings = {
				ASSETCATALOG_COMPILER_APPICON_NAME = AppIcon;
				ASSETCATALOG_COMPILER_LAUNCHIMAGE_NAME = LaunchImage;
				GCC_PRECOMPILE_PREFIX_HEADER = YES;
				GCC_PREFIX_HEADER = "Garage Control/Garage Control-Prefix.pch";
				INFOPLIST_FILE = "Garage Control/Garage Control-Info.plist";
				PRODUCT_NAME = "$(TARGET_NAME)";
				WRAPPER_EXTENSION = app;
			};
			name = Release;
		};
/* End XCBuildConfiguration section */

/* Begin XCConfigurationList section */
		F55CEB921855E402000DE979 /* Build configuration list for PBXProject "Garage Control" */ = {
			isa = XCConfigurationList;
			buildConfigurations = (
				F55CEBC71855E402000DE979 /* Debug */,
				F55CEBC81855E402000DE979 /* Release */,
			);
			defaultConfigurationIsVisible = 0;
			defaultConfigurationName = Release;
		};
		F55CEBC91855E402000DE979 /* Build configuration list for PBXNativeTarget "Garage Control" */ = {
			isa = XCConfigurationList;
			buildConfigurations = (
				F55CEBCA1855E402000DE979 /* Debug */,
				F55CEBCB1855E402000DE979 /* Release */,
			);
			defaultConfigurationIsVisible = 0;
			defaultConfigurationName = Release;
		};
/* End XCConfigurationList section */
	};
	rootObject = F55CEB8F1855E402000DE979 /* Project object */;
}
